
Microsoft Visual Studio Solution File, Format Version 12.00
# Visual Studio 15
VisualStudioVersion = 15.0.28307.421
MinimumVisualStudioVersion = 10.0.40219.1
Project("{FAE04EC0-301F-11D3-BF4B-00C04F79EFBC}") = "TreeView", "TreeView\TreeView.csproj", "{C91F744B-AAB2-48BC-8DBC-96B553A125FB}"
EndProject
Global
	GlobalSection(SolutionConfigurationPlatforms) = preSolution
		Debug|Any CPU = Debug|Any CPU
		Release|Any CPU = Release|Any CPU
	EndGlobalSection
	GlobalSection(ProjectConfigurationPlatforms) = postSolution
		{C91F744B-AAB2-48BC-8DBC-96B553A125FB}.Debug|Any CPU.ActiveCfg = Debug|Any CPU
		{C91F744B-AAB2-48BC-8DBC-96B553A125FB}.Debug|Any CPU.Build.0 = Debug|Any CPU
		{C91F744B-AAB2-48BC-8DBC-96B553A125FB}.Release|Any CPU.ActiveCfg = Release|Any CPU
		{C91F744B-AAB2-48BC-8DBC-96B553A125FB}.Release|Any CPU.Build.0 = Release|Any CPU
	EndGlobalSection
	GlobalSection(SolutionProperties) = preSolution
		HideSolutionNode = FALSE
	EndGlobalSection
	GlobalSection(ExtensibilityGlobals) = postSolution
		SolutionGuid = {6717701F-5B89-4710-B021-3A57A5399168}
	EndGlobalSection
EndGlobal
